<?xml version="1.0" encoding="UTF-8" standalone="yes" ?>
<CodeBlocks_project_file>
	<FileVersion major="1" minor="6" />
	<Project>
		<Option title="Sheet Mapper" />
		<Option pch_mode="2" />
		<Option compiler="gcc" />
		<Build>
			<Target title="Release">
				<Option output="Sheet Mapper" prefix_auto="1" extension_auto="1" />
				<Option object_output="obj/" />
				<Option type="1" />
				<Option compiler="gcc" />
				<Compiler>
					<Add option="-O2" />
				</Compiler>
				<Linker>
					<Add option="-s" />
					<Add library="glew32s" />
					<Add library="glfw3dll" />
					<Add library="glu32" />
					<Add library="opengl32" />
					<Add library="gdi32" />
					<Add library="sfml-graphics-s" />
					<Add library="sfml-system-s" />
					<Add library="sfml-main" />
					<Add library="comdlg32" />
				</Linker>
			</Target>
		</Build>
		<Compiler>
			<Add option="-Wall" />
			<Add option="-DGLEW_STATIC" />
			<Add option="-DSFML_STATIC" />
			<Add directory="C:/glew-1.12.0/include" />
			<Add directory="C:/glfw-3.1.1.bin.WIN32/include" />
			<Add directory="C:/SFML-2.1/include" />
			<Add directory="C:/mtek-gdl/include" />
		</Compiler>
		<Linker>
			<Add directory="C:/glew-1.12.0/lib/Release/Win32" />
			<Add directory="C:/glfw-3.1.1.bin.WIN32/lib-mingw" />
			<Add directory="C:/SFML-2.1/lib" />
		</Linker>
		<Unit filename="../include/mgdl-pc/mgdl-basic.h" />
		<Unit filename="../include/mgdl-pc/mgdl-font.h" />
		<Unit filename="../include/mgdl-pc/mgdl-globals-internal.h" />
		<Unit filename="../include/mgdl-pc/mgdl-globals.h" />
		<Unit filename="../include/mgdl-pc/mgdl-image.h" />
		<Unit filename="../include/mgdl-pc/mgdl-input.h" />
		<Unit filename="../include/mgdl-pc/mgdl-main.h" />
		<Unit filename="../include/mgdl-pc/mgdl-texture.h" />
		<Unit filename="../include/mgdl-pc/mgdl-types.h" />
		<Unit filename="../source/pc/mgdl-basic.cpp" />
		<Unit filename="../source/pc/mgdl-font.cpp" />
		<Unit filename="../source/pc/mgdl-globals.cpp" />
		<Unit filename="../source/pc/mgdl-image.cpp" />
		<Unit filename="../source/pc/mgdl-input.cpp" />
		<Unit filename="../source/pc/mgdl-main.cpp" />
		<Unit filename="../source/pc/mgdl-texture.cpp" />
		<Unit filename="custom.cpp" />
		<Unit filename="custom.h">
			<Option target="&lt;{~None~}&gt;" />
		</Unit>
		<Unit filename="font.c">
			<Option compilerVar="CC" />
		</Unit>
		<Unit filename="font.h">
			<Option target="&lt;{~None~}&gt;" />
		</Unit>
		<Unit filename="main.cpp" />
		<Unit filename="main.h">
			<Option target="&lt;{~None~}&gt;" />
		</Unit>
		<Unit filename="mgui.cpp" />
		<Unit filename="mgui.h">
			<Option target="&lt;{~None~}&gt;" />
		</Unit>
		<Extensions>
			<code_completion />
			<envvars />
			<debugger />
		</Extensions>
	</Project>
</CodeBlocks_project_file>
